
Microsoft Visual Studio Solution File, Format Version 12.00
# Visual Studio 15
VisualStudioVersion = 15.0.27130.2020
MinimumVisualStudioVersion = 10.0.40219.1
Project("{FAE04EC0-301F-11D3-BF4B-00C04F79EFBC}") = "BlogdaGiovanna", "BlogdaGiovanna\BlogdaGiovanna.csproj", "{D521E070-0D77-4E11-9569-B996DA2EE29E}"
EndProject
Global
	GlobalSection(SolutionConfigurationPlatforms) = preSolution
		Debug|Any CPU = Debug|Any CPU
		Release|Any CPU = Release|Any CPU
	EndGlobalSection
	GlobalSection(ProjectConfigurationPlatforms) = postSolution
		{D521E070-0D77-4E11-9569-B996DA2EE29E}.Debug|Any CPU.ActiveCfg = Debug|Any CPU
		{D521E070-0D77-4E11-9569-B996DA2EE29E}.Debug|Any CPU.Build.0 = Debug|Any CPU
		{D521E070-0D77-4E11-9569-B996DA2EE29E}.Release|Any CPU.ActiveCfg = Release|Any CPU
		{D521E070-0D77-4E11-9569-B996DA2EE29E}.Release|Any CPU.Build.0 = Release|Any CPU
	EndGlobalSection
	GlobalSection(SolutionProperties) = preSolution
		HideSolutionNode = FALSE
	EndGlobalSection
	GlobalSection(ExtensibilityGlobals) = postSolution
		SolutionGuid = {585C4118-D1A4-49D8-A818-FE566C7B5D08}
	EndGlobalSection
EndGlobal
